
Microsoft Visual Studio Solution File, Format Version 12.00
# Visual Studio Version 17
VisualStudioVersion = 17.0.32112.339
MinimumVisualStudioVersion = 10.0.40219.1
Project("{9A19103F-16F7-4668-BE54-9A1E7A4F7556}") = "ExtRS", "ExtRS\ExtRS.csproj", "{5CF36C4C-37CE-4FD6-AD6F-CFAAA85FFF1E}"
EndProject
Project("{9A19103F-16F7-4668-BE54-9A1E7A4F7556}") = "ExtRS.Tests", "ExtRS.Tests\ExtRS.Tests.csproj", "{7173F195-5139-4555-BCE5-0FE056B26CDF}"
EndProject
Project("{9A19103F-16F7-4668-BE54-9A1E7A4F7556}") = "ExtRS.API", "ExtRS.API\ExtRS.API.csproj", "{D40D76E3-1F70-4605-A6AA-C817A7BA985E}"
EndProject
Project("{9A19103F-16F7-4668-BE54-9A1E7A4F7556}") = "ExtRS.CLI", "ExtRS.CLI\ExtRS.CLI.csproj", "{7A974215-79E1-4459-BB6D-6F6206F6F222}"
EndProject
Global
	GlobalSection(SolutionConfigurationPlatforms) = preSolution
		Debug|Any CPU = Debug|Any CPU
		Release|Any CPU = Release|Any CPU
	EndGlobalSection
	GlobalSection(ProjectConfigurationPlatforms) = postSolution
		{5CF36C4C-37CE-4FD6-AD6F-CFAAA85FFF1E}.Debug|Any CPU.ActiveCfg = Debug|Any CPU
		{5CF36C4C-37CE-4FD6-AD6F-CFAAA85FFF1E}.Debug|Any CPU.Build.0 = Debug|Any CPU
		{5CF36C4C-37CE-4FD6-AD6F-CFAAA85FFF1E}.Release|Any CPU.ActiveCfg = Release|Any CPU
		{5CF36C4C-37CE-4FD6-AD6F-CFAAA85FFF1E}.Release|Any CPU.Build.0 = Release|Any CPU
		{7173F195-5139-4555-BCE5-0FE056B26CDF}.Debug|Any CPU.ActiveCfg = Debug|Any CPU
		{7173F195-5139-4555-BCE5-0FE056B26CDF}.Debug|Any CPU.Build.0 = Debug|Any CPU
		{7173F195-5139-4555-BCE5-0FE056B26CDF}.Release|Any CPU.ActiveCfg = Release|Any CPU
		{7173F195-5139-4555-BCE5-0FE056B26CDF}.Release|Any CPU.Build.0 = Release|Any CPU
		{D40D76E3-1F70-4605-A6AA-C817A7BA985E}.Debug|Any CPU.ActiveCfg = Debug|Any CPU
		{D40D76E3-1F70-4605-A6AA-C817A7BA985E}.Debug|Any CPU.Build.0 = Debug|Any CPU
		{D40D76E3-1F70-4605-A6AA-C817A7BA985E}.Release|Any CPU.ActiveCfg = Release|Any CPU
		{D40D76E3-1F70-4605-A6AA-C817A7BA985E}.Release|Any CPU.Build.0 = Release|Any CPU
		{7A974215-79E1-4459-BB6D-6F6206F6F222}.Debug|Any CPU.ActiveCfg = Debug|Any CPU
		{7A974215-79E1-4459-BB6D-6F6206F6F222}.Debug|Any CPU.Build.0 = Debug|Any CPU
		{7A974215-79E1-4459-BB6D-6F6206F6F222}.Release|Any CPU.ActiveCfg = Release|Any CPU
		{7A974215-79E1-4459-BB6D-6F6206F6F222}.Release|Any CPU.Build.0 = Release|Any CPU
	EndGlobalSection
	GlobalSection(SolutionProperties) = preSolution
		HideSolutionNode = FALSE
	EndGlobalSection
	GlobalSection(ExtensibilityGlobals) = postSolution
		SolutionGuid = {1D1BC68A-6049-4CBB-80C3-77365D741DA0}
	EndGlobalSection
EndGlobal
