
Microsoft Visual Studio Solution File, Format Version 12.00
# Visual Studio Version 17
VisualStudioVersion = 17.0.32112.339
MinimumVisualStudioVersion = 10.0.40219.1
Project("{9A19103F-16F7-4668-BE54-9A1E7A4F7556}") = "ExtRS", "ExtRS\ExtRS.csproj", "{5CF36C4C-37CE-4FD6-AD6F-CFAAA85FFF1E}"
EndProject
Project("{9A19103F-16F7-4668-BE54-9A1E7A4F7556}") = "ExtRS.Tests", "ExtRS.Tests\ExtRS.Tests.csproj", "{7173F195-5139-4555-BCE5-0FE056B26CDF}"
EndProject
Project("{9A19103F-16F7-4668-BE54-9A1E7A4F7556}") = "ExtRS.API", "ExtRS.API\ExtRS.API.csproj", "{D40D76E3-1F70-4605-A6AA-C817A7BA985E}"
EndProject
Project("{9A19103F-16F7-4668-BE54-9A1E7A4F7556}") = "ExtRS.CLI", "ExtRS.CLI\ExtRS.CLI.csproj", "{7A974215-79E1-4459-BB6D-6F6206F6F222}"
EndProject
Project("{F14B399A-7131-4C87-9E4B-1186C45EF12D}") = "ExtRS.Reports", "ExtRS.Reports\ExtRS.Reports.rptproj", "{F89A80B6-D7DB-4E29-8355-760E59B3C8E9}"
EndProject
Project("{FAE04EC0-301F-11D3-BF4B-00C04F79EFBC}") = "ExtRSNET48", "ExtRSNET48\ExtRSNET48\ExtRSNET48.csproj", "{4A40341F-DE2C-418C-BBF5-055A7B5BC87B}"
EndProject
Project("{9A19103F-16F7-4668-BE54-9A1E7A4F7556}") = "ExtRS.Portal.Web", "ExtRS.Portal\ExtRS.Portal\ExtRS.Portal.Web.csproj", "{BB5AD5E0-40C5-47D1-ADFB-EC84B2ECF64E}"
EndProject
Project("{9A19103F-16F7-4668-BE54-9A1E7A4F7556}") = "ExtRS.Portal.Domain", "ExtRS.Portal\ExtRS.Portal.Domain\ExtRS.Portal.Domain.csproj", "{9B089D29-EB19-41B5-8036-9632694D939C}"
EndProject
Project("{9A19103F-16F7-4668-BE54-9A1E7A4F7556}") = "ExtRS.Portal.Tests", "ExtRS.Portal\ExtRS.Portal.Tests\ExtRS.Portal.Tests.csproj", "{3A957CF4-0554-4DCE-8A01-C0406E4B1475}"
EndProject
Global
	GlobalSection(SolutionConfigurationPlatforms) = preSolution
		Debug|Any CPU = Debug|Any CPU
		DebugLocal|Any CPU = DebugLocal|Any CPU
		Release|Any CPU = Release|Any CPU
	EndGlobalSection
	GlobalSection(ProjectConfigurationPlatforms) = postSolution
		{5CF36C4C-37CE-4FD6-AD6F-CFAAA85FFF1E}.Debug|Any CPU.ActiveCfg = Debug|Any CPU
		{5CF36C4C-37CE-4FD6-AD6F-CFAAA85FFF1E}.Debug|Any CPU.Build.0 = Debug|Any CPU
		{5CF36C4C-37CE-4FD6-AD6F-CFAAA85FFF1E}.DebugLocal|Any CPU.ActiveCfg = Debug|Any CPU
		{5CF36C4C-37CE-4FD6-AD6F-CFAAA85FFF1E}.DebugLocal|Any CPU.Build.0 = Debug|Any CPU
		{5CF36C4C-37CE-4FD6-AD6F-CFAAA85FFF1E}.Release|Any CPU.ActiveCfg = Release|Any CPU
		{5CF36C4C-37CE-4FD6-AD6F-CFAAA85FFF1E}.Release|Any CPU.Build.0 = Release|Any CPU
		{7173F195-5139-4555-BCE5-0FE056B26CDF}.Debug|Any CPU.ActiveCfg = Debug|Any CPU
		{7173F195-5139-4555-BCE5-0FE056B26CDF}.Debug|Any CPU.Build.0 = Debug|Any CPU
		{7173F195-5139-4555-BCE5-0FE056B26CDF}.DebugLocal|Any CPU.ActiveCfg = Debug|Any CPU
		{7173F195-5139-4555-BCE5-0FE056B26CDF}.DebugLocal|Any CPU.Build.0 = Debug|Any CPU
		{7173F195-5139-4555-BCE5-0FE056B26CDF}.Release|Any CPU.ActiveCfg = Release|Any CPU
		{7173F195-5139-4555-BCE5-0FE056B26CDF}.Release|Any CPU.Build.0 = Release|Any CPU
		{D40D76E3-1F70-4605-A6AA-C817A7BA985E}.Debug|Any CPU.ActiveCfg = Debug|Any CPU
		{D40D76E3-1F70-4605-A6AA-C817A7BA985E}.Debug|Any CPU.Build.0 = Debug|Any CPU
		{D40D76E3-1F70-4605-A6AA-C817A7BA985E}.DebugLocal|Any CPU.ActiveCfg = Debug|Any CPU
		{D40D76E3-1F70-4605-A6AA-C817A7BA985E}.DebugLocal|Any CPU.Build.0 = Debug|Any CPU
		{D40D76E3-1F70-4605-A6AA-C817A7BA985E}.Release|Any CPU.ActiveCfg = Release|Any CPU
		{D40D76E3-1F70-4605-A6AA-C817A7BA985E}.Release|Any CPU.Build.0 = Release|Any CPU
		{7A974215-79E1-4459-BB6D-6F6206F6F222}.Debug|Any CPU.ActiveCfg = Debug|Any CPU
		{7A974215-79E1-4459-BB6D-6F6206F6F222}.Debug|Any CPU.Build.0 = Debug|Any CPU
		{7A974215-79E1-4459-BB6D-6F6206F6F222}.DebugLocal|Any CPU.ActiveCfg = Debug|Any CPU
		{7A974215-79E1-4459-BB6D-6F6206F6F222}.DebugLocal|Any CPU.Build.0 = Debug|Any CPU
		{7A974215-79E1-4459-BB6D-6F6206F6F222}.Release|Any CPU.ActiveCfg = Release|Any CPU
		{7A974215-79E1-4459-BB6D-6F6206F6F222}.Release|Any CPU.Build.0 = Release|Any CPU
		{F89A80B6-D7DB-4E29-8355-760E59B3C8E9}.Debug|Any CPU.ActiveCfg = Debug
		{F89A80B6-D7DB-4E29-8355-760E59B3C8E9}.Debug|Any CPU.Build.0 = Debug
		{F89A80B6-D7DB-4E29-8355-760E59B3C8E9}.Debug|Any CPU.Deploy.0 = Debug
		{F89A80B6-D7DB-4E29-8355-760E59B3C8E9}.DebugLocal|Any CPU.ActiveCfg = DebugLocal
		{F89A80B6-D7DB-4E29-8355-760E59B3C8E9}.DebugLocal|Any CPU.Build.0 = DebugLocal
		{F89A80B6-D7DB-4E29-8355-760E59B3C8E9}.DebugLocal|Any CPU.Deploy.0 = DebugLocal
		{F89A80B6-D7DB-4E29-8355-760E59B3C8E9}.Release|Any CPU.ActiveCfg = Release
		{F89A80B6-D7DB-4E29-8355-760E59B3C8E9}.Release|Any CPU.Build.0 = Release
		{F89A80B6-D7DB-4E29-8355-760E59B3C8E9}.Release|Any CPU.Deploy.0 = Release
		{4A40341F-DE2C-418C-BBF5-055A7B5BC87B}.Debug|Any CPU.ActiveCfg = Debug|Any CPU
		{4A40341F-DE2C-418C-BBF5-055A7B5BC87B}.Debug|Any CPU.Build.0 = Debug|Any CPU
		{4A40341F-DE2C-418C-BBF5-055A7B5BC87B}.DebugLocal|Any CPU.ActiveCfg = Debug|Any CPU
		{4A40341F-DE2C-418C-BBF5-055A7B5BC87B}.DebugLocal|Any CPU.Build.0 = Debug|Any CPU
		{4A40341F-DE2C-418C-BBF5-055A7B5BC87B}.Release|Any CPU.ActiveCfg = Release|Any CPU
		{4A40341F-DE2C-418C-BBF5-055A7B5BC87B}.Release|Any CPU.Build.0 = Release|Any CPU
		{BB5AD5E0-40C5-47D1-ADFB-EC84B2ECF64E}.Debug|Any CPU.ActiveCfg = Debug|Any CPU
		{BB5AD5E0-40C5-47D1-ADFB-EC84B2ECF64E}.Debug|Any CPU.Build.0 = Debug|Any CPU
		{BB5AD5E0-40C5-47D1-ADFB-EC84B2ECF64E}.DebugLocal|Any CPU.ActiveCfg = Debug|Any CPU
		{BB5AD5E0-40C5-47D1-ADFB-EC84B2ECF64E}.DebugLocal|Any CPU.Build.0 = Debug|Any CPU
		{BB5AD5E0-40C5-47D1-ADFB-EC84B2ECF64E}.Release|Any CPU.ActiveCfg = Release|Any CPU
		{BB5AD5E0-40C5-47D1-ADFB-EC84B2ECF64E}.Release|Any CPU.Build.0 = Release|Any CPU
		{9B089D29-EB19-41B5-8036-9632694D939C}.Debug|Any CPU.ActiveCfg = Debug|Any CPU
		{9B089D29-EB19-41B5-8036-9632694D939C}.Debug|Any CPU.Build.0 = Debug|Any CPU
		{9B089D29-EB19-41B5-8036-9632694D939C}.DebugLocal|Any CPU.ActiveCfg = Debug|Any CPU
		{9B089D29-EB19-41B5-8036-9632694D939C}.DebugLocal|Any CPU.Build.0 = Debug|Any CPU
		{9B089D29-EB19-41B5-8036-9632694D939C}.Release|Any CPU.ActiveCfg = Release|Any CPU
		{9B089D29-EB19-41B5-8036-9632694D939C}.Release|Any CPU.Build.0 = Release|Any CPU
		{3A957CF4-0554-4DCE-8A01-C0406E4B1475}.Debug|Any CPU.ActiveCfg = Debug|Any CPU
		{3A957CF4-0554-4DCE-8A01-C0406E4B1475}.Debug|Any CPU.Build.0 = Debug|Any CPU
		{3A957CF4-0554-4DCE-8A01-C0406E4B1475}.DebugLocal|Any CPU.ActiveCfg = Debug|Any CPU
		{3A957CF4-0554-4DCE-8A01-C0406E4B1475}.DebugLocal|Any CPU.Build.0 = Debug|Any CPU
		{3A957CF4-0554-4DCE-8A01-C0406E4B1475}.Release|Any CPU.ActiveCfg = Release|Any CPU
		{3A957CF4-0554-4DCE-8A01-C0406E4B1475}.Release|Any CPU.Build.0 = Release|Any CPU
	EndGlobalSection
	GlobalSection(SolutionProperties) = preSolution
		HideSolutionNode = FALSE
	EndGlobalSection
	GlobalSection(ExtensibilityGlobals) = postSolution
		SolutionGuid = {1D1BC68A-6049-4CBB-80C3-77365D741DA0}
	EndGlobalSection
EndGlobal
